<?xml version="1.0" encoding="utf-8"?>
<Project ToolsVersion="4.0" xmlns="http://schemas.microsoft.com/developer/msbuild/2003">
  <ItemGroup>
    <ClCompile Include="main.cpp" />
    <ClCompile Include="..\..\lib\styles\muil_style_vista.cpp">
      <Filter>lib\styles</Filter>
    </ClCompile>
    <ClCompile Include="..\..\lib\styles\muil_style_win95.cpp">
      <Filter>lib\styles</Filter>
    </ClCompile>
    <ClCompile Include="..\..\samples\forms\PINForm.cpp">
      <Filter>samples\forms</Filter>
    </ClCompile>
    <ClCompile Include="muil-win32.cpp" />
    <ClCompile Include="..\..\lib\muil_widgets_gui.cpp">
      <Filter>lib</Filter>
    </ClCompile>
    <ClCompile Include="..\..\lib\muil.cpp">
      <Filter>lib</Filter>
    </ClCompile>
    <ClCompile Include="..\..\lib\basic_gui\muil_basic_gui.cpp">
      <Filter>lib\basic_gui</Filter>
    </ClCompile>
    <ClCompile Include="..\..\lib\basic_gui\fonts\tahoma14_ru.cpp">
      <Filter>lib\basic_gui\fonts</Filter>
    </ClCompile>
  </ItemGroup>
  <ItemGroup>
    <Filter Include="lib">
      <UniqueIdentifier>{c580cb29-2af8-4ecd-bc23-310dde1aec2b}</UniqueIdentifier>
    </Filter>
    <Filter Include="samples">
      <UniqueIdentifier>{15006fd1-93a9-495f-bfbd-41a135e99f0c}</UniqueIdentifier>
    </Filter>
    <Filter Include="samples\forms">
      <UniqueIdentifier>{6cb4c4c8-5b43-435b-b9f3-97c0babebb1d}</UniqueIdentifier>
    </Filter>
    <Filter Include="lib\styles">
      <UniqueIdentifier>{2efd1c0c-97d0-42dc-aaf0-ebc7942d362f}</UniqueIdentifier>
    </Filter>
    <Filter Include="lib\basic_gui">
      <UniqueIdentifier>{97d1405c-3a63-41cc-ba50-1e0a6e41923f}</UniqueIdentifier>
    </Filter>
    <Filter Include="lib\basic_gui\fonts">
      <UniqueIdentifier>{d473aa4c-8f22-4f4b-9069-0c5820538011}</UniqueIdentifier>
    </Filter>
  </ItemGroup>
  <ItemGroup>
    <ClInclude Include="..\..\lib\styles\muil_style_vista.hpp">
      <Filter>lib\styles</Filter>
    </ClInclude>
    <ClInclude Include="..\..\lib\styles\muil_style_win95.hpp">
      <Filter>lib\styles</Filter>
    </ClInclude>
    <ClInclude Include="..\..\samples\forms\PINForm.hpp">
      <Filter>samples\forms</Filter>
    </ClInclude>
    <ClInclude Include="muil-win32.hpp" />
    <ClInclude Include="..\..\lib\muil_touchscreen.hpp">
      <Filter>lib</Filter>
    </ClInclude>
    <ClInclude Include="..\..\lib\muil_utils.hpp">
      <Filter>lib</Filter>
    </ClInclude>
    <ClInclude Include="..\..\lib\muil_widgets_gui.hpp">
      <Filter>lib</Filter>
    </ClInclude>
    <ClInclude Include="..\..\lib\muil.hpp">
      <Filter>lib</Filter>
    </ClInclude>
    <ClInclude Include="..\..\lib\basic_gui\muil_basic_gui.hpp">
      <Filter>lib\basic_gui</Filter>
    </ClInclude>
    <ClInclude Include="..\..\lib\basic_gui\fonts\tahoma14_ru.hpp">
      <Filter>lib\basic_gui\fonts</Filter>
    </ClInclude>
  </ItemGroup>
</Project>